{
    "_readme": [
        "This file locks the dependencies of your project to a known state",
        "Read more about it at https://getcomposer.org/doc/01-basic-usage.md#installing-dependencies",
        "This file is @generated automatically"
    ],
    "content-hash": "9ff0aacf024840149a96ac1c57ab2c4f",
    "packages": [
        {
            "name": "apix/log",
            "version": "1.2.1",
            "source": {
                "type": "git",
                "url": "https://github.com/apix/log.git",
                "reference": "fd9b520fa962d7dfba410c08ea59894819b2fcd3"
            },
            "dist": {
                "type": "zip",
                "url": "https://api.github.com/repos/apix/log/zipball/fd9b520fa962d7dfba410c08ea59894819b2fcd3",
                "reference": "fd9b520fa962d7dfba410c08ea59894819b2fcd3",
                "shasum": ""
            },
            "require": {
                "php": ">=5.3",
                "psr/log": "~1.0"
            },
            "provide": {
                "psr/log-implementation": "1.0.0"
            },
            "require-dev": {
                "phpunit/phpunit": "4.8.*"
            },
            "type": "library",
            "autoload": {
                "psr-4": {
                    "Apix\\Log\\": "src/"
                }
            },
            "notification-url": "https://packagist.org/downloads/",
            "license": [
                "BSD-3-Clause"
            ],
            "authors": [
                {
                    "name": "Franck Cassedanne",
                    "email": "franck@ouarz.net"
                }
            ],
            "description": "Minimalist, thin and fast PSR-3 compliant (multi-bucket) logger.",
            "homepage": "https://github.com/frqnck/apix-log",
            "keywords": [
                "apix",
                "log",
                "logger",
                "psr",
                "psr-3"
            ],
            "time": "2016-09-22T10:51:22+00:00"
        },
        {
            "name": "chrome-php/chrome",
            "version": "v0.7.0",
            "source": {
                "type": "git",
                "url": "https://github.com/chrome-php/headless-chromium-php.git",
                "reference": "f44dcf49cf5ab9adf693ac5c8deb8da8dbcf41b2"
            },
            "dist": {
                "type": "zip",
                "url": "https://api.github.com/repos/chrome-php/headless-chromium-php/zipball/f44dcf49cf5ab9adf693ac5c8deb8da8dbcf41b2",
                "reference": "f44dcf49cf5ab9adf693ac5c8deb8da8dbcf41b2",
                "shasum": ""
            },
            "require": {
                "apix/log": "^1.2",
                "evenement/evenement": "^3.0.1",
                "php": ">=7.0",
                "psr/log": "^1.0",
                "symfony/filesystem": "^3|^4",
                "symfony/process": "^3|^4",
                "wrench/wrench": "^2.0"
            },
            "require-dev": {
                "phpunit/phpunit": "^6.0",
                "squizlabs/php_codesniffer": "^3.1",
                "symfony/var-dumper": "^3.3"
            },
            "type": "library",
            "autoload": {
                "psr-4": {
                    "HeadlessChromium\\": "src/"
                }
            },
            "notification-url": "https://packagist.org/downloads/",
            "license": [
                "Fair"
            ],
            "authors": [
                {
                    "name": "Soufiane GHZAL",
                    "homepage": "https://github.com/gsouf"
                }
            ],
            "description": "Instrument headless chrome/chromium instances from php",
            "homepage": "https://github.com/gsouf/headless-chromium-php",
            "keywords": [
                "browser",
                "chrome",
                "chromium",
                "crawl",
                "headless",
                "pdf",
                "screenshot"
            ],
            "time": "2019-10-04T13:40:57+00:00"
        },
        {
            "name": "evenement/evenement",
            "version": "v3.0.1",
            "source": {
                "type": "git",
                "url": "https://github.com/igorw/evenement.git",
                "reference": "531bfb9d15f8aa57454f5f0285b18bec903b8fb7"
            },
            "dist": {
                "type": "zip",
                "url": "https://api.github.com/repos/igorw/evenement/zipball/531bfb9d15f8aa57454f5f0285b18bec903b8fb7",
                "reference": "531bfb9d15f8aa57454f5f0285b18bec903b8fb7",
                "shasum": ""
            },
            "require": {
                "php": ">=7.0"
            },
            "require-dev": {
                "phpunit/phpunit": "^6.0"
            },
            "type": "library",
            "autoload": {
                "psr-0": {
                    "Evenement": "src"
                }
            },
            "notification-url": "https://packagist.org/downloads/",
            "license": [
                "MIT"
            ],
            "authors": [
                {
                    "name": "Igor Wiedler",
                    "email": "igor@wiedler.ch"
                }
            ],
            "description": "Événement is a very simple event dispatching library for PHP",
            "keywords": [
                "event-dispatcher",
                "event-emitter"
            ],
            "time": "2017-07-23T21:35:13+00:00"
        },
        {
            "name": "psr/log",
            "version": "1.1.2",
            "source": {
                "type": "git",
                "url": "https://github.com/php-fig/log.git",
                "reference": "446d54b4cb6bf489fc9d75f55843658e6f25d801"
            },
            "dist": {
                "type": "zip",
                "url": "https://api.github.com/repos/php-fig/log/zipball/446d54b4cb6bf489fc9d75f55843658e6f25d801",
                "reference": "446d54b4cb6bf489fc9d75f55843658e6f25d801",
                "shasum": ""
            },
            "require": {
                "php": ">=5.3.0"
            },
            "type": "library",
            "extra": {
                "branch-alias": {
                    "dev-master": "1.1.x-dev"
                }
            },
            "autoload": {
                "psr-4": {
                    "Psr\\Log\\": "Psr/Log/"
                }
            },
            "notification-url": "https://packagist.org/downloads/",
            "license": [
                "MIT"
            ],
            "authors": [
                {
                    "name": "PHP-FIG",
                    "homepage": "http://www.php-fig.org/"
                }
            ],
            "description": "Common interface for logging libraries",
            "homepage": "https://github.com/php-fig/log",
            "keywords": [
                "log",
                "psr",
                "psr-3"
            ],
            "time": "2019-11-01T11:05:21+00:00"
        },
        {
            "name": "symfony/filesystem",
            "version": "v3.4.36",
            "source": {
                "type": "git",
                "url": "https://github.com/symfony/filesystem.git",
                "reference": "00cdad0936d06fab136944bc2342b762b1c3a4a2"
            },
            "dist": {
                "type": "zip",
                "url": "https://api.github.com/repos/symfony/filesystem/zipball/00cdad0936d06fab136944bc2342b762b1c3a4a2",
                "reference": "00cdad0936d06fab136944bc2342b762b1c3a4a2",
                "shasum": ""
            },
            "require": {
                "php": "^5.5.9|>=7.0.8",
                "symfony/polyfill-ctype": "~1.8"
            },
            "type": "library",
            "extra": {
                "branch-alias": {
                    "dev-master": "3.4-dev"
                }
            },
            "autoload": {
                "psr-4": {
                    "Symfony\\Component\\Filesystem\\": ""
                },
                "exclude-from-classmap": [
                    "/Tests/"
                ]
            },
            "notification-url": "https://packagist.org/downloads/",
            "license": [
                "MIT"
            ],
            "authors": [
                {
                    "name": "Fabien Potencier",
                    "email": "fabien@symfony.com"
                },
                {
                    "name": "Symfony Community",
                    "homepage": "https://symfony.com/contributors"
                }
            ],
            "description": "Symfony Filesystem Component",
            "homepage": "https://symfony.com",
            "time": "2019-11-25T16:36:22+00:00"
        },
        {
            "name": "symfony/polyfill-ctype",
            "version": "v1.13.1",
            "source": {
                "type": "git",
                "url": "https://github.com/symfony/polyfill-ctype.git",
                "reference": "f8f0b461be3385e56d6de3dbb5a0df24c0c275e3"
            },
            "dist": {
                "type": "zip",
                "url": "https://api.github.com/repos/symfony/polyfill-ctype/zipball/f8f0b461be3385e56d6de3dbb5a0df24c0c275e3",
                "reference": "f8f0b461be3385e56d6de3dbb5a0df24c0c275e3",
                "shasum": ""
            },
            "require": {
                "php": ">=5.3.3"
            },
            "suggest": {
                "ext-ctype": "For best performance"
            },
            "type": "library",
            "extra": {
                "branch-alias": {
                    "dev-master": "1.13-dev"
                }
            },
            "autoload": {
                "psr-4": {
                    "Symfony\\Polyfill\\Ctype\\": ""
                },
                "files": [
                    "bootstrap.php"
                ]
            },
            "notification-url": "https://packagist.org/downloads/",
            "license": [
                "MIT"
            ],
            "authors": [
                {
                    "name": "Gert de Pagter",
                    "email": "BackEndTea@gmail.com"
                },
                {
                    "name": "Symfony Community",
                    "homepage": "https://symfony.com/contributors"
                }
            ],
            "description": "Symfony polyfill for ctype functions",
            "homepage": "https://symfony.com",
            "keywords": [
                "compatibility",
                "ctype",
                "polyfill",
                "portable"
            ],
            "time": "2019-11-27T13:56:44+00:00"
        },
        {
            "name": "symfony/process",
            "version": "v3.4.36",
            "source": {
                "type": "git",
                "url": "https://github.com/symfony/process.git",
                "reference": "9a4545c01e1e4f473492bd52b71e574dcc401ca2"
            },
            "dist": {
                "type": "zip",
                "url": "https://api.github.com/repos/symfony/process/zipball/9a4545c01e1e4f473492bd52b71e574dcc401ca2",
                "reference": "9a4545c01e1e4f473492bd52b71e574dcc401ca2",
                "shasum": ""
            },
            "require": {
                "php": "^5.5.9|>=7.0.8"
            },
            "type": "library",
            "extra": {
                "branch-alias": {
                    "dev-master": "3.4-dev"
                }
            },
            "autoload": {
                "psr-4": {
                    "Symfony\\Component\\Process\\": ""
                },
                "exclude-from-classmap": [
                    "/Tests/"
                ]
            },
            "notification-url": "https://packagist.org/downloads/",
            "license": [
                "MIT"
            ],
            "authors": [
                {
                    "name": "Fabien Potencier",
                    "email": "fabien@symfony.com"
                },
                {
                    "name": "Symfony Community",
                    "homepage": "https://symfony.com/contributors"
                }
            ],
            "description": "Symfony Process Component",
            "homepage": "https://symfony.com",
            "time": "2019-11-28T10:05:51+00:00"
        },
        {
            "name": "wrench/wrench",
            "version": "v2.0.8",
            "source": {
                "type": "git",
                "url": "https://github.com/varspool/Wrench.git",
                "reference": "92fb5d1c5d7a6f65884ade658b6271de93edafc2"
            },
            "dist": {
                "type": "zip",
                "url": "https://api.github.com/repos/varspool/Wrench/zipball/92fb5d1c5d7a6f65884ade658b6271de93edafc2",
                "reference": "92fb5d1c5d7a6f65884ade658b6271de93edafc2",
                "shasum": ""
            },
            "require": {
                "ext-sockets": "*",
                "php": ">=5.3"
            },
            "require-dev": {
                "phpunit/phpunit": "~4.5",
                "squizlabs/php_codesniffer": "*"
            },
            "type": "library",
            "extra": {
                "branch-alias": {
                    "dev-master": "2.0.x-dev"
                }
            },
            "autoload": {
                "psr-0": {
                    "Wrench": "lib/"
                }
            },
            "notification-url": "https://packagist.org/downloads/",
            "license": [
                "WTFPL"
            ],
            "authors": [
                {
                    "name": "Dominic Scheirlinck",
                    "email": "dominic@varspool.com",
                    "homepage": "http://www.somethingemporium.com/"
                },
                {
                    "name": "Simon Samtleben",
                    "email": "web@lemmingzshadow.net",
                    "homepage": "http://lemmingzshadow.net/"
                },
                {
                    "name": "Nico Kaiser",
                    "email": "nico@kaiser.me",
                    "homepage": "http://siriux.net/"
                }
            ],
            "description": "PHP WebSocket client/server library",
            "homepage": "http://github.com/varspool/Wrench",
            "keywords": [
                "WebSockets",
                "hybi",
                "websocket"
            ],
            "time": "2017-02-12T02:08:51+00:00"
        }
    ],
    "packages-dev": [],
    "aliases": [],
    "minimum-stability": "beta",
    "stability-flags": [],
    "prefer-stable": false,
    "prefer-lowest": false,
    "platform": [],
    "platform-dev": [],
    "platform-overrides": {
        "php": "7.1"
    }
}
